<?xml version="1.0" encoding="utf-8"?>
<Project ToolsVersion="4.0" xmlns="http://schemas.microsoft.com/developer/msbuild/2003">
  <ItemGroup>
    <ClCompile Include="ArcBall.cpp" />
    <ClCompile Include="BaseCamera.cpp" />
    <ClCompile Include="Camera.cpp" />
    <ClCompile Include="CoreApi.cpp" />
    <ClCompile Include="core_pch.cpp" />
    <ClCompile Include="DataStream_File.cpp" />
    <ClCompile Include="EventDispatcher.cpp" />
    <ClCompile Include="GameObject.cpp" />
    <ClCompile Include="GameObjectComponent.cpp" />
    <ClCompile Include="GameObjectManager.cpp" />
    <ClCompile Include="GameObjectTemplate.cpp" />
    <ClCompile Include="Mesh.cpp" />
    <ClCompile Include="MeshSerializer_XML.cpp" />
    <ClCompile Include="Scene.cpp" />
    <ClCompile Include="SubMesh.cpp" />
    <ClCompile Include="SysManager.cpp" />
    <ClCompile Include="MeshUtil.cpp" />
    <ClCompile Include="core_utils.cpp" />
    <ClCompile Include="ViewFrustum.cpp" />
    <ClCompile Include="Light.cpp" />
    <ClCompile Include="DirectionalLight.cpp" />
    <ClCompile Include="PointLight.cpp" />
    <ClCompile Include="SpotLight.cpp" />
    <ClCompile Include="LightManager.cpp" />
    <ClCompile Include="PoolAllocator.cpp" />
    <ClCompile Include="StdAllocator.cpp" />
    <ClCompile Include="SkyLight.cpp" />
    <ClCompile Include="PostEffect_SSAO.cpp" />
    <ClCompile Include="PostEffect.cpp" />
    <ClCompile Include="DataStream.cpp" />
    <ClCompile Include="DataStream_Mem.cpp" />
    <ClCompile Include="SceneSerializer.cpp" />
    <ClCompile Include="PostEffectManager.cpp" />
    <ClCompile Include="PostEffect_FinalCompose.cpp" />
    <ClCompile Include="PostEffect_BilateralBlur.cpp" />
    <ClCompile Include="PostEffect_GaussianBlur.cpp" />
    <ClCompile Include="AssetsManager.cpp" />
    <ClCompile Include="Time64.cpp" />
    <ClCompile Include="TimerManager.cpp" />
    <ClCompile Include="RenderManager.cpp" />
    <ClCompile Include="Frame.cpp" />
    <ClCompile Include="PostEffect_FXAA.cpp" />
    <ClCompile Include="MaterialParameterManager.cpp" />
    <ClCompile Include="MaterialParameter.cpp" />
    <ClCompile Include="MaterialPass.cpp" />
    <ClCompile Include="MaterialTech.cpp" />
    <ClCompile Include="MaterialCompiler.cpp" />
    <ClCompile Include="MaterialParser.cpp" />
    <ClCompile Include="SamplerStateParser.cpp" />
    <ClCompile Include="RenderStateParser.cpp" />
    <ClCompile Include="TechniqueParser.cpp" />
    <ClCompile Include="PassParser.cpp" />
    <ClCompile Include="MaterialBaseParser.cpp" />
    <ClCompile Include="Material.cpp" />
    <ClCompile Include="RenderSystem_FR.cpp" />
    <ClCompile Include="RenderSystem_DR.cpp" />
    <ClCompile Include="WinRawInput.cpp" />
    <ClCompile Include="UIManager.cpp" />
    <ClCompile Include="RenderQueue.cpp" />
    <ClCompile Include="PhysicsManager.cpp" />
    <ClCompile Include="GameManager.cpp" />
    <ClCompile Include="Console.cpp" />
    <ClCompile Include="FrameMetric.cpp" />
    <ClCompile Include="OverLay.cpp" />
    <ClCompile Include="TextureOverlay.cpp" />
    <ClCompile Include="HtmlOverlay.cpp" />
    <ClCompile Include="CEFManager.cpp" />
    <ClCompile Include="CEFApp.cpp" />
    <ClCompile Include="CEFWebPage.cpp" />
    <ClCompile Include="NavMesh.cpp" />
    <ClCompile Include="ActionManager.cpp" />
    <ClCompile Include="WinCursor.cpp" />
    <ClCompile Include="AABBoxRenderData.cpp" />
    <ClCompile Include="DebugPanel.cpp" />
  </ItemGroup>
  <ItemGroup>
    <ClInclude Include="..\..\include\core\ArcBall.h" />
    <ClInclude Include="..\..\include\core\BaseCamera.h" />
    <ClInclude Include="..\..\include\core\Camera.h" />
    <ClInclude Include="..\..\include\core\CoreApi.h" />
    <ClInclude Include="..\..\include\core\core_all.h" />
    <ClInclude Include="..\..\include\core\core_ptr.h" />
    <ClInclude Include="..\..\include\core\DataStream.h" />
    <ClInclude Include="..\..\include\core\DataStream_File.h" />
    <ClInclude Include="..\..\include\core\DepthStencilBuffer.h" />
    <ClInclude Include="..\..\include\core\Event.h" />
    <ClInclude Include="..\..\include\core\EventDispatcher.h" />
    <ClInclude Include="..\..\include\core\GameInterface.h" />
    <ClInclude Include="..\..\include\core\GameObject.h" />
    <ClInclude Include="..\..\include\core\GameObjectComponent.h" />
    <ClInclude Include="..\..\include\core\GameObjectManager.h" />
    <ClInclude Include="..\..\include\core\GameObjectTemplate.h" />
    <ClInclude Include="..\..\include\core\GPUBuffer.h" />
    <ClInclude Include="..\..\include\core\g_format.h" />
    <ClInclude Include="..\..\include\core\Mesh.h" />
    <ClInclude Include="..\..\include\core\MeshSerializer.h" />
    <ClInclude Include="..\..\include\core\MeshSerializer_XML.h" />
    <ClInclude Include="..\..\include\core\RenderData.h" />
    <ClInclude Include="..\..\include\core\Scene.h" />
    <ClInclude Include="..\..\include\core\Serializer.h" />
    <ClInclude Include="..\..\include\core\SubMesh.h" />
    <ClInclude Include="..\..\include\core\SysManager.h" />
    <ClInclude Include="..\..\include\core\Sys_Graphics.h" />
    <ClInclude Include="..\..\include\core\Sys_Input.h" />
    <ClInclude Include="..\..\include\core\Sys_Physics.h" />
    <ClInclude Include="..\..\include\core\Sys_Sound.h" />
    <ClInclude Include="..\..\include\core\Texture.h" />
    <ClInclude Include="..\..\include\core\VertexFormat.h" />
    <ClInclude Include="core_pch.h" />
    <ClInclude Include="..\..\include\core\MeshUtil.h" />
    <ClInclude Include="core_utils.h" />
    <ClInclude Include="..\..\include\core\ViewFrustum.h" />
    <ClInclude Include="..\..\include\core\Light.h" />
    <ClInclude Include="..\..\include\core\DirectionalLight.h" />
    <ClInclude Include="..\..\include\core\PointLight.h" />
    <ClInclude Include="..\..\include\core\SpotLight.h" />
    <ClInclude Include="..\..\include\core\LightManager.h" />
    <ClInclude Include="..\..\include\core\property_types.h" />
    <ClInclude Include="..\..\include\core\Shader.h" />
    <ClInclude Include="..\..\include\core\RenderState.h" />
    <ClInclude Include="..\..\include\core\Allocator.h" />
    <ClInclude Include="..\..\include\core\PoolAllocator.h" />
    <ClInclude Include="..\..\include\core\StdAllocator.h" />
    <ClInclude Include="..\..\include\core\SkyLight.h" />
    <ClInclude Include="..\..\include\core\PostEffect.h" />
    <ClInclude Include="..\..\include\core\DataStream_Mem.h" />
    <ClInclude Include="..\..\include\core\SceneSerializer.h" />
    <ClInclude Include="..\..\include\core\RenderTarget.h" />
    <ClInclude Include="..\..\include\core\PostEffectManager.h" />
    <ClInclude Include="..\..\include\core\PostEffect_FinalCompose.h" />
    <ClInclude Include="..\..\include\core\PostEffect_SSAO.h" />
    <ClInclude Include="..\..\include\core\PostEffect_BilateralBlur.h" />
    <ClInclude Include="..\..\include\core\PostEffect_GaussianBlur.h" />
    <ClInclude Include="..\..\include\core\Sound.h" />
    <ClInclude Include="..\..\include\core\SoundChannel.h" />
    <ClInclude Include="..\..\include\core\FileSystem.h" />
    <ClInclude Include="..\..\include\core\AssetsManager.h" />
    <ClInclude Include="..\..\include\core\Sys_Time.h" />
    <ClInclude Include="Time64.h" />
    <ClInclude Include="..\..\include\core\TimerManager.h" />
    <ClInclude Include="..\..\include\core\RenderManager.h" />
    <ClInclude Include="Frame.h" />
    <ClInclude Include="PostEffect_FXAA.h" />
    <ClInclude Include="..\..\include\core\SamplerState.h" />
    <ClInclude Include="..\..\include\core\RenderWindow.h" />
    <ClInclude Include="MaterialParameterManager.h" />
    <ClInclude Include="..\..\include\core\MaterialParameter.h" />
    <ClInclude Include="..\..\include\core\MaterialPass.h" />
    <ClInclude Include="..\..\include\core\MaterialTech.h" />
    <ClInclude Include="..\..\include\core\Sys_Network.h" />
    <ClInclude Include="..\..\include\core\ObjectPool.h" />
    <ClInclude Include="..\..\include\core\DT_CoreApi.h" />
    <ClInclude Include="..\..\include\core\GeometryData.h" />
    <ClInclude Include="..\..\include\core\ShaderProgram.h" />
    <ClInclude Include="..\..\include\core\MaterialCompiler.h" />
    <ClInclude Include="..\..\include\core\MaterialParser.h" />
    <ClInclude Include="..\..\include\core\SamplerStateParser.h" />
    <ClInclude Include="..\..\include\core\RenderStateParser.h" />
    <ClInclude Include="..\..\include\core\TechniqueParser.h" />
    <ClInclude Include="..\..\include\core\PassParser.h" />
    <ClInclude Include="..\..\include\core\MaterialBaseParser.h" />
    <ClInclude Include="..\..\include\core\RenderTexture.h" />
    <ClInclude Include="..\..\include\core\Material.h" />
    <ClInclude Include="..\..\include\core\Package.h" />
    <ClInclude Include="RenderSystem_FR.h" />
    <ClInclude Include="RenderSystem_DR.h" />
    <ClInclude Include="RenderSystem.h" />
    <ClInclude Include="..\..\include\core\input_types.h" />
    <ClInclude Include="WinRawInput.h" />
    <ClInclude Include="..\..\include\core\UIManager.h" />
    <ClInclude Include="RenderQueue.h" />
    <ClInclude Include="..\..\include\core\PhysicsManager.h" />
    <ClInclude Include="..\..\include\core\Bound.h" />
    <ClInclude Include="..\..\include\core\CollisionData.h" />
    <ClInclude Include="..\..\include\math\math_aabbox.h">
      <Filter>math</Filter>
    </ClInclude>
    <ClInclude Include="..\..\include\math\math_alg.h">
      <Filter>math</Filter>
    </ClInclude>
    <ClInclude Include="..\..\include\math\math_all.h">
      <Filter>math</Filter>
    </ClInclude>
    <ClInclude Include="..\..\include\math\math_color4.h">
      <Filter>math</Filter>
    </ClInclude>
    <ClInclude Include="..\..\include\math\math_config.h">
      <Filter>math</Filter>
    </ClInclude>
    <ClInclude Include="..\..\include\math\math_intersect.h">
      <Filter>math</Filter>
    </ClInclude>
    <ClInclude Include="..\..\include\math\math_matrix44.h">
      <Filter>math</Filter>
    </ClInclude>
    <ClInclude Include="..\..\include\math\math_plane.h">
      <Filter>math</Filter>
    </ClInclude>
    <ClInclude Include="..\..\include\math\math_quat.h">
      <Filter>math</Filter>
    </ClInclude>
    <ClInclude Include="..\..\include\math\math_ray.h">
      <Filter>math</Filter>
    </ClInclude>
    <ClInclude Include="..\..\include\math\math_rect.h">
      <Filter>math</Filter>
    </ClInclude>
    <ClInclude Include="..\..\include\math\math_sphere.h">
      <Filter>math</Filter>
    </ClInclude>
    <ClInclude Include="..\..\include\math\math_types.h">
      <Filter>math</Filter>
    </ClInclude>
    <ClInclude Include="..\..\include\math\math_vector2.h">
      <Filter>math</Filter>
    </ClInclude>
    <ClInclude Include="..\..\include\math\math_vector3.h">
      <Filter>math</Filter>
    </ClInclude>
    <ClInclude Include="..\..\include\math\math_vector4.h">
      <Filter>math</Filter>
    </ClInclude>
    <ClInclude Include="GameManager.h" />
    <ClInclude Include="..\..\include\core\Contact.h" />
    <ClInclude Include="..\..\include\core\AppDelegate.h" />
    <ClInclude Include="..\..\include\core\SysSettings.h" />
    <ClInclude Include="..\..\include\core\FrameMetric.h" />
    <ClInclude Include="..\..\include\core\OverLay.h" />
    <ClInclude Include="..\..\include\core\TextureOverlay.h" />
    <ClInclude Include="..\..\include\core\HtmlOverlay.h" />
    <ClInclude Include="CEFManager.h" />
    <ClInclude Include="CEFApp.h" />
    <ClInclude Include="CEFWebPage.h" />
    <ClInclude Include="..\..\include\core\WebpageRenderer.h" />
    <ClInclude Include="..\..\include\core\NavMesh.h" />
    <ClInclude Include="..\..\include\core\ActionManager.h" />
    <ClInclude Include="..\..\include\core\Cursor.h" />
    <ClInclude Include="WinCursor.h" />
    <ClInclude Include="..\..\include\core\AABBoxRenderData.h" />
    <ClInclude Include="..\..\include\core\DebugPanel.h" />
    <ClInclude Include="..\..\include\core\Console.h" />
  </ItemGroup>
  <ItemGroup>
    <Filter Include="math">
      <UniqueIdentifier>{a0ba72b2-06ca-4686-bff3-48a010927620}</UniqueIdentifier>
    </Filter>
  </ItemGroup>
</Project>