<?xml version="1.0" encoding="utf-8"?>
<Project ToolsVersion="4.0" xmlns="http://schemas.microsoft.com/developer/msbuild/2003">
  <ItemGroup>
    <Filter Include="源文件">
      <UniqueIdentifier>{4FC737F1-C7A5-4376-A066-2A32D752A2FF}</UniqueIdentifier>
      <Extensions>cpp;c;cc;cxx;def;odl;idl;hpj;bat;asm;asmx</Extensions>
    </Filter>
    <Filter Include="头文件">
      <UniqueIdentifier>{93995380-89BD-4b04-88EB-625FBE52EBFB}</UniqueIdentifier>
      <Extensions>h;hpp;hxx;hm;inl;inc;xsd</Extensions>
    </Filter>
    <Filter Include="资源文件">
      <UniqueIdentifier>{67DA6AB6-F800-4c08-8B7A-83BB121AAD01}</UniqueIdentifier>
      <Extensions>rc;ico;cur;bmp;dlg;rc2;rct;bin;rgs;gif;jpg;jpeg;jpe;resx;tiff;tif;png;wav;mfcribbon-ms</Extensions>
    </Filter>
  </ItemGroup>
  <ItemGroup>
    <ClInclude Include="voxel_pch.h">
      <Filter>头文件</Filter>
    </ClInclude>
    <ClInclude Include="..\..\include\voxel\voxel_all.h">
      <Filter>头文件</Filter>
    </ClInclude>
    <ClInclude Include="..\..\include\voxel\voxel_types.h">
      <Filter>头文件</Filter>
    </ClInclude>
    <ClInclude Include="..\..\include\voxel\voxel_Chunk.h">
      <Filter>头文件</Filter>
    </ClInclude>
    <ClInclude Include="..\..\include\voxel\voxel_ChunkKey.h">
      <Filter>头文件</Filter>
    </ClInclude>
    <ClInclude Include="..\..\include\voxel\voxel_ChunkMesh.h">
      <Filter>头文件</Filter>
    </ClInclude>
    <ClInclude Include="..\..\include\voxel\voxel_Coord.h">
      <Filter>头文件</Filter>
    </ClInclude>
    <ClInclude Include="..\..\include\voxel\voxel_Entity.h">
      <Filter>头文件</Filter>
    </ClInclude>
    <ClInclude Include="..\..\include\voxel\voxel_Region.h">
      <Filter>头文件</Filter>
    </ClInclude>
    <ClInclude Include="..\..\include\voxel\voxel_World.h">
      <Filter>头文件</Filter>
    </ClInclude>
    <ClInclude Include="..\..\include\voxel\voxel_WorldGen.h">
      <Filter>头文件</Filter>
    </ClInclude>
    <ClInclude Include="..\..\include\voxel\voxel_WorldGenPass.h">
      <Filter>头文件</Filter>
    </ClInclude>
    <ClInclude Include="..\..\include\voxel\voxel_WorldGenPass_Caves.h">
      <Filter>头文件</Filter>
    </ClInclude>
    <ClInclude Include="..\..\include\voxel\voxel_WorldGenPass_Heightmap.h">
      <Filter>头文件</Filter>
    </ClInclude>
    <ClInclude Include="..\..\include\voxel\voxel_WorldGenPass_Mineral.h">
      <Filter>头文件</Filter>
    </ClInclude>
    <ClInclude Include="..\..\include\voxel\voxel_WorldGenPass_Moutains.h">
      <Filter>头文件</Filter>
    </ClInclude>
    <ClInclude Include="..\..\include\voxel\voxel_WorldGenPass_Ocean.h">
      <Filter>头文件</Filter>
    </ClInclude>
    <ClInclude Include="..\..\include\voxel\voxel_WorldGenPass_Plants.h">
      <Filter>头文件</Filter>
    </ClInclude>
    <ClInclude Include="..\..\include\voxel\voxel_WorldGenPass_Water.h">
      <Filter>头文件</Filter>
    </ClInclude>
    <ClInclude Include="voxel_ChunkManager.h">
      <Filter>头文件</Filter>
    </ClInclude>
    <ClInclude Include="..\..\include\voxel\voxel_WorldViewPort.h">
      <Filter>头文件</Filter>
    </ClInclude>
    <ClInclude Include="..\..\include\voxel\voxel_Bound.h">
      <Filter>头文件</Filter>
    </ClInclude>
    <ClInclude Include="voxel_RegionManager.h">
      <Filter>头文件</Filter>
    </ClInclude>
    <ClInclude Include="voxel_ChunkLoader.h">
      <Filter>头文件</Filter>
    </ClInclude>
    <ClInclude Include="..\..\include\voxel\voxel_Meshizer.h">
      <Filter>头文件</Filter>
    </ClInclude>
    <ClInclude Include="voxel_PoolManager.h">
      <Filter>头文件</Filter>
    </ClInclude>
    <ClInclude Include="voxel_Octree.h">
      <Filter>头文件</Filter>
    </ClInclude>
    <ClInclude Include="voxel_VoxelUtils.h">
      <Filter>头文件</Filter>
    </ClInclude>
    <ClInclude Include="voxel_ChunkLoaderWorker.h">
      <Filter>头文件</Filter>
    </ClInclude>
    <ClInclude Include="..\..\include\voxel\voxel_ChunkAdjacency.h">
      <Filter>头文件</Filter>
    </ClInclude>
  </ItemGroup>
  <ItemGroup>
    <ClCompile Include="voxel_pch.cpp">
      <Filter>源文件</Filter>
    </ClCompile>
    <ClCompile Include="voxel_Chunk.cpp">
      <Filter>源文件</Filter>
    </ClCompile>
    <ClCompile Include="voxel_ChunkMesh.cpp">
      <Filter>源文件</Filter>
    </ClCompile>
    <ClCompile Include="voxel_Entity.cpp">
      <Filter>源文件</Filter>
    </ClCompile>
    <ClCompile Include="voxel_Region.cpp">
      <Filter>源文件</Filter>
    </ClCompile>
    <ClCompile Include="voxel_World.cpp">
      <Filter>源文件</Filter>
    </ClCompile>
    <ClCompile Include="voxel_WorldGen.cpp">
      <Filter>源文件</Filter>
    </ClCompile>
    <ClCompile Include="voxel_WorldGenPass_Caves.cpp">
      <Filter>源文件</Filter>
    </ClCompile>
    <ClCompile Include="voxel_WorldGenPass_Heightmap.cpp">
      <Filter>源文件</Filter>
    </ClCompile>
    <ClCompile Include="voxel_WorldGenPass_Mineral.cpp">
      <Filter>源文件</Filter>
    </ClCompile>
    <ClCompile Include="voxel_WorldGenPass_Moutains.cpp">
      <Filter>源文件</Filter>
    </ClCompile>
    <ClCompile Include="voxel_WorldGenPass_Ocean.cpp">
      <Filter>源文件</Filter>
    </ClCompile>
    <ClCompile Include="voxel_WorldGenPass_Plants.cpp">
      <Filter>源文件</Filter>
    </ClCompile>
    <ClCompile Include="voxel_WorldGenPass_Water.cpp">
      <Filter>源文件</Filter>
    </ClCompile>
    <ClCompile Include="voxel_ChunkManager.cpp">
      <Filter>源文件</Filter>
    </ClCompile>
    <ClCompile Include="voxel_WorldViewPort.cpp">
      <Filter>源文件</Filter>
    </ClCompile>
    <ClCompile Include="voxel_RegionManager.cpp">
      <Filter>源文件</Filter>
    </ClCompile>
    <ClCompile Include="voxel_ChunkLoader.cpp">
      <Filter>源文件</Filter>
    </ClCompile>
    <ClCompile Include="voxel_Meshizer.cpp">
      <Filter>源文件</Filter>
    </ClCompile>
    <ClCompile Include="voxel_PoolManager.cpp">
      <Filter>源文件</Filter>
    </ClCompile>
    <ClCompile Include="voxel_Octree.cpp">
      <Filter>源文件</Filter>
    </ClCompile>
    <ClCompile Include="voxel_VoxelUtils.cpp">
      <Filter>源文件</Filter>
    </ClCompile>
    <ClCompile Include="voxel_ChunkLoaderWorker.cpp">
      <Filter>源文件</Filter>
    </ClCompile>
    <ClCompile Include="voxel_ChunkAdjacency.cpp">
      <Filter>源文件</Filter>
    </ClCompile>
  </ItemGroup>
</Project>